
Microsoft Visual Studio Solution File, Format Version 12.00
# Visual Studio Version 16
VisualStudioVersion = 16.0.31624.102
MinimumVisualStudioVersion = 10.0.40219.1
Project("{FAE04EC0-301F-11D3-BF4B-00C04F79EFBC}") = "Entities_POJOS", "Entities_POJOS\Entities_POJOS.csproj", "{9AB00EAB-A4D0-4400-B718-DE5922F06EB2}"
EndProject
Project("{2150E333-8FDC-42A3-9474-1A3956D46DE8}") = "0_POJOS", "0_POJOS", "{AAAD0E52-D4C4-44FC-86F6-23B24D4DC649}"
EndProject
Project("{2150E333-8FDC-42A3-9474-1A3956D46DE8}") = "1_DATA ACCESS", "1_DATA ACCESS", "{04FDD9A9-7CCB-47F8-B13B-7988703C5B2D}"
EndProject
Project("{FAE04EC0-301F-11D3-BF4B-00C04F79EFBC}") = "DataAccess", "DataAccess\DataAccess.csproj", "{0B5C432D-519D-48E2-958B-79F5EE0A029A}"
EndProject
Project("{2150E333-8FDC-42A3-9474-1A3956D46DE8}") = "3_Exceptions", "3_Exceptions", "{693646A4-368F-4297-AD64-57EB067F4829}"
EndProject
Project("{2150E333-8FDC-42A3-9474-1A3956D46DE8}") = "4_API", "4_API", "{F064CFD8-D4F8-44F7-9780-E6BE6A3B626C}"
EndProject
Project("{FAE04EC0-301F-11D3-BF4B-00C04F79EFBC}") = "CoreApi", "CoreApi\CoreApi.csproj", "{ABF50982-A6BF-4F7E-9C83-2B6C60B02C8F}"
EndProject
Project("{FAE04EC0-301F-11D3-BF4B-00C04F79EFBC}") = "WebAPI", "WebAPI\WebAPI.csproj", "{6C8B4242-CC61-4161-B635-3F2CF011029C}"
EndProject
Project("{FAE04EC0-301F-11D3-BF4B-00C04F79EFBC}") = "Exceptions", "Exceptions\Exceptions.csproj", "{1F8C3A69-DDA4-4D1F-8FA5-97D4BB26E412}"
EndProject
Global
	GlobalSection(SolutionConfigurationPlatforms) = preSolution
		Debug|Any CPU = Debug|Any CPU
		Release|Any CPU = Release|Any CPU
	EndGlobalSection
	GlobalSection(ProjectConfigurationPlatforms) = postSolution
		{9AB00EAB-A4D0-4400-B718-DE5922F06EB2}.Debug|Any CPU.ActiveCfg = Debug|Any CPU
		{9AB00EAB-A4D0-4400-B718-DE5922F06EB2}.Debug|Any CPU.Build.0 = Debug|Any CPU
		{9AB00EAB-A4D0-4400-B718-DE5922F06EB2}.Release|Any CPU.ActiveCfg = Release|Any CPU
		{9AB00EAB-A4D0-4400-B718-DE5922F06EB2}.Release|Any CPU.Build.0 = Release|Any CPU
		{0B5C432D-519D-48E2-958B-79F5EE0A029A}.Debug|Any CPU.ActiveCfg = Debug|Any CPU
		{0B5C432D-519D-48E2-958B-79F5EE0A029A}.Debug|Any CPU.Build.0 = Debug|Any CPU
		{0B5C432D-519D-48E2-958B-79F5EE0A029A}.Release|Any CPU.ActiveCfg = Release|Any CPU
		{0B5C432D-519D-48E2-958B-79F5EE0A029A}.Release|Any CPU.Build.0 = Release|Any CPU
		{ABF50982-A6BF-4F7E-9C83-2B6C60B02C8F}.Debug|Any CPU.ActiveCfg = Debug|Any CPU
		{ABF50982-A6BF-4F7E-9C83-2B6C60B02C8F}.Debug|Any CPU.Build.0 = Debug|Any CPU
		{ABF50982-A6BF-4F7E-9C83-2B6C60B02C8F}.Release|Any CPU.ActiveCfg = Release|Any CPU
		{ABF50982-A6BF-4F7E-9C83-2B6C60B02C8F}.Release|Any CPU.Build.0 = Release|Any CPU
		{6C8B4242-CC61-4161-B635-3F2CF011029C}.Debug|Any CPU.ActiveCfg = Debug|Any CPU
		{6C8B4242-CC61-4161-B635-3F2CF011029C}.Debug|Any CPU.Build.0 = Debug|Any CPU
		{6C8B4242-CC61-4161-B635-3F2CF011029C}.Release|Any CPU.ActiveCfg = Release|Any CPU
		{6C8B4242-CC61-4161-B635-3F2CF011029C}.Release|Any CPU.Build.0 = Release|Any CPU
		{1F8C3A69-DDA4-4D1F-8FA5-97D4BB26E412}.Debug|Any CPU.ActiveCfg = Debug|Any CPU
		{1F8C3A69-DDA4-4D1F-8FA5-97D4BB26E412}.Debug|Any CPU.Build.0 = Debug|Any CPU
		{1F8C3A69-DDA4-4D1F-8FA5-97D4BB26E412}.Release|Any CPU.ActiveCfg = Release|Any CPU
		{1F8C3A69-DDA4-4D1F-8FA5-97D4BB26E412}.Release|Any CPU.Build.0 = Release|Any CPU
	EndGlobalSection
	GlobalSection(SolutionProperties) = preSolution
		HideSolutionNode = FALSE
	EndGlobalSection
	GlobalSection(NestedProjects) = preSolution
		{9AB00EAB-A4D0-4400-B718-DE5922F06EB2} = {AAAD0E52-D4C4-44FC-86F6-23B24D4DC649}
		{0B5C432D-519D-48E2-958B-79F5EE0A029A} = {04FDD9A9-7CCB-47F8-B13B-7988703C5B2D}
		{ABF50982-A6BF-4F7E-9C83-2B6C60B02C8F} = {F064CFD8-D4F8-44F7-9780-E6BE6A3B626C}
		{6C8B4242-CC61-4161-B635-3F2CF011029C} = {F064CFD8-D4F8-44F7-9780-E6BE6A3B626C}
		{1F8C3A69-DDA4-4D1F-8FA5-97D4BB26E412} = {693646A4-368F-4297-AD64-57EB067F4829}
	EndGlobalSection
	GlobalSection(ExtensibilityGlobals) = postSolution
		SolutionGuid = {FC00FC09-00C8-49FD-BC0F-8C7C7ECE9FA1}
	EndGlobalSection
EndGlobal
